
Microsoft Visual Studio Solution File, Format Version 12.00
# Visual Studio Version 16
VisualStudioVersion = 16.0.30128.74
MinimumVisualStudioVersion = 10.0.40219.1
Project("{FAE04EC0-301F-11D3-BF4B-00C04F79EFBC}") = "AppUI", "AppUI\AppUI.csproj", "{12AD8702-7605-4CC3-88E3-D5832FF35B94}"
EndProject
Global
	GlobalSection(SolutionConfigurationPlatforms) = preSolution
		Debug|Any CPU = Debug|Any CPU
		Release|Any CPU = Release|Any CPU
	EndGlobalSection
	GlobalSection(ProjectConfigurationPlatforms) = postSolution
		{12AD8702-7605-4CC3-88E3-D5832FF35B94}.Debug|Any CPU.ActiveCfg = Debug|Any CPU
		{12AD8702-7605-4CC3-88E3-D5832FF35B94}.Debug|Any CPU.Build.0 = Debug|Any CPU
		{12AD8702-7605-4CC3-88E3-D5832FF35B94}.Release|Any CPU.ActiveCfg = Release|Any CPU
		{12AD8702-7605-4CC3-88E3-D5832FF35B94}.Release|Any CPU.Build.0 = Release|Any CPU
	EndGlobalSection
	GlobalSection(SolutionProperties) = preSolution
		HideSolutionNode = FALSE
	EndGlobalSection
	GlobalSection(ExtensibilityGlobals) = postSolution
		SolutionGuid = {7C26D36C-B121-432C-ADA7-DE3C9556DB8A}
	EndGlobalSection
EndGlobal
